// !$*UTF8*$!
{
	archiveVersion = 1;
	classes = {
	};
	objectVersion = 77;
	objects = {

/* Begin PBXContainerItemProxy section */
		6BA7AC132DC2839C003BCDF1 /* PBXContainerItemProxy */ = {
			isa = PBXContainerItemProxy;
			containerPortal = 6BA7ABF42DC2839A003BCDF1 /* Project object */;
			proxyType = 1;
			remoteGlobalIDString = 6BA7ABFB2DC2839A003BCDF1;
			remoteInfo = ListOfCountries;
		};
		6BA7AC1D2DC2839C003BCDF1 /* PBXContainerItemProxy */ = {
			isa = PBXContainerItemProxy;
			containerPortal = 6BA7ABF42DC2839A003BCDF1 /* Project object */;
			proxyType = 1;
			remoteGlobalIDString = 6BA7ABFB2DC2839A003BCDF1;
			remoteInfo = ListOfCountries;
		};
/* End PBXContainerItemProxy section */

/* Begin PBXFileReference section */
		6BA7ABFC2DC2839A003BCDF1 /* ListOfCountries.app */ = {isa = PBXFileReference; explicitFileType = wrapper.application; includeInIndex = 0; path = ListOfCountries.app; sourceTree = BUILT_PRODUCTS_DIR; };
		6BA7AC122DC2839C003BCDF1 /* ListOfCountriesTests.xctest */ = {isa = PBXFileReference; explicitFileType = wrapper.cfbundle; includeInIndex = 0; path = ListOfCountriesTests.xctest; sourceTree = BUILT_PRODUCTS_DIR; };
		6BA7AC1C2DC2839C003BCDF1 /* ListOfCountriesUITests.xctest */ = {isa = PBXFileReference; explicitFileType = wrapper.cfbundle; includeInIndex = 0; path = ListOfCountriesUITests.xctest; sourceTree = BUILT_PRODUCTS_DIR; };
/* End PBXFileReference section */

/* Begin PBXFileSystemSynchronizedBuildFileExceptionSet section */
		6BA7AC242DC2839C003BCDF1 /* Exceptions for "ListOfCountries" folder in "ListOfCountries" target */ = {
			isa = PBXFileSystemSynchronizedBuildFileExceptionSet;
			membershipExceptions = (
				Info.plist,
			);
			target = 6BA7ABFB2DC2839A003BCDF1 /* ListOfCountries */;
		};
/* End PBXFileSystemSynchronizedBuildFileExceptionSet section */

/* Begin PBXFileSystemSynchronizedRootGroup section */
		6BA7ABFE2DC2839A003BCDF1 /* ListOfCountries */ = {
			isa = PBXFileSystemSynchronizedRootGroup;
			exceptions = (
				6BA7AC242DC2839C003BCDF1 /* Exceptions for "ListOfCountries" folder in "ListOfCountries" target */,
			);
			path = ListOfCountries;
			sourceTree = "<group>";
		};
		6BA7AC152DC2839C003BCDF1 /* ListOfCountriesTests */ = {
			isa = PBXFileSystemSynchronizedRootGroup;
			path = ListOfCountriesTests;
			sourceTree = "<group>";
		};
		6BA7AC1F2DC2839C003BCDF1 /* ListOfCountriesUITests */ = {
			isa = PBXFileSystemSynchronizedRootGroup;
			path = ListOfCountriesUITests;
			sourceTree = "<group>";
		};
/* End PBXFileSystemSynchronizedRootGroup section */

/* Begin PBXFrameworksBuildPhase section */
		6BA7ABF92DC2839A003BCDF1 /* Frameworks */ = {
			isa = PBXFrameworksBuildPhase;
			buildActionMask = 2147483647;
			files = (
			);
			runOnlyForDeploymentPostprocessing = 0;
		};
		6BA7AC0F2DC2839C003BCDF1 /* Frameworks */ = {
			isa = PBXFrameworksBuildPhase;
			buildActionMask = 2147483647;
			files = (
			);
			runOnlyForDeploymentPostprocessing = 0;
		};
		6BA7AC192DC2839C003BCDF1 /* Frameworks */ = {
			isa = PBXFrameworksBuildPhase;
			buildActionMask = 2147483647;
			files = (
			);
			runOnlyForDeploymentPostprocessing = 0;
		};
/* End PBXFrameworksBuildPhase section */

/* Begin PBXGroup section */
		6BA7ABF32DC2839A003BCDF1 = {
			isa = PBXGroup;
			children = (
				6BA7ABFE2DC2839A003BCDF1 /* ListOfCountries */,
				6BA7AC152DC2839C003BCDF1 /* ListOfCountriesTests */,
				6BA7AC1F2DC2839C003BCDF1 /* ListOfCountriesUITests */,
				6BA7ABFD2DC2839A003BCDF1 /* Products */,
			);
			sourceTree = "<group>";
		};
		6BA7ABFD2DC2839A003BCDF1 /* Products */ = {
			isa = PBXGroup;
			children = (
				6BA7ABFC2DC2839A003BCDF1 /* ListOfCountries.app */,
				6BA7AC122DC2839C003BCDF1 /* ListOfCountriesTests.xctest */,
				6BA7AC1C2DC2839C003BCDF1 /* ListOfCountriesUITests.xctest */,
			);
			name = Products;
			sourceTree = "<group>";
		};
/* End PBXGroup section */

/* Begin PBXNativeTarget section */
		6BA7ABFB2DC2839A003BCDF1 /* ListOfCountries */ = {
			isa = PBXNativeTarget;
			buildConfigurationList = 6BA7AC252DC2839C003BCDF1 /* Build configuration list for PBXNativeTarget "ListOfCountries" */;
			buildPhases = (
				6BA7ABF82DC2839A003BCDF1 /* Sources */,
				6BA7ABF92DC2839A003BCDF1 /* Frameworks */,
				6BA7ABFA2DC2839A003BCDF1 /* Resources */,
			);
			buildRules = (
			);
			dependencies = (
			);
			fileSystemSynchronizedGroups = (
				6BA7ABFE2DC2839A003BCDF1 /* ListOfCountries */,
			);
			name = ListOfCountries;
			packageProductDependencies = (
			);
			productName = ListOfCountries;
			productReference = 6BA7ABFC2DC2839A003BCDF1 /* ListOfCountries.app */;
			productType = "com.apple.product-type.application";
		};
		6BA7AC112DC2839C003BCDF1 /* ListOfCountriesTests */ = {
			isa = PBXNativeTarget;
			buildConfigurationList = 6BA7AC2A2DC2839C003BCDF1 /* Build configuration list for PBXNativeTarget "ListOfCountriesTests" */;
			buildPhases = (
				6BA7AC0E2DC2839C003BCDF1 /* Sources */,
				6BA7AC0F2DC2839C003BCDF1 /* Frameworks */,
				6BA7AC102DC2839C003BCDF1 /* Resources */,
			);
			buildRules = (
			);
			dependencies = (
				6BA7AC142DC2839C003BCDF1 /* PBXTargetDependency */,
			);
			fileSystemSynchronizedGroups = (
				6BA7AC152DC2839C003BCDF1 /* ListOfCountriesTests */,
			);
			name = ListOfCountriesTests;
			packageProductDependencies = (
			);
			productName = ListOfCountriesTests;
			productReference = 6BA7AC122DC2839C003BCDF1 /* ListOfCountriesTests.xctest */;
			productType = "com.apple.product-type.bundle.unit-test";
		};
		6BA7AC1B2DC2839C003BCDF1 /* ListOfCountriesUITests */ = {
			isa = PBXNativeTarget;
			buildConfigurationList = 6BA7AC2D2DC2839C003BCDF1 /* Build configuration list for PBXNativeTarget "ListOfCountriesUITests" */;
			buildPhases = (
				6BA7AC182DC2839C003BCDF1 /* Sources */,
				6BA7AC192DC2839C003BCDF1 /* Frameworks */,
				6BA7AC1A2DC2839C003BCDF1 /* Resources */,
			);
			buildRules = (
			);
			dependencies = (
				6BA7AC1E2DC2839C003BCDF1 /* PBXTargetDependency */,
			);
			fileSystemSynchronizedGroups = (
				6BA7AC1F2DC2839C003BCDF1 /* ListOfCountriesUITests */,
			);
			name = ListOfCountriesUITests;
			packageProductDependencies = (
			);
			productName = ListOfCountriesUITests;
			productReference = 6BA7AC1C2DC2839C003BCDF1 /* ListOfCountriesUITests.xctest */;
			productType = "com.apple.product-type.bundle.ui-testing";
		};
/* End PBXNativeTarget section */

/* Begin PBXProject section */
		6BA7ABF42DC2839A003BCDF1 /* Project object */ = {
			isa = PBXProject;
			attributes = {
				BuildIndependentTargetsInParallel = 1;
				LastSwiftUpdateCheck = 1620;
				LastUpgradeCheck = 1620;
				TargetAttributes = {
					6BA7ABFB2DC2839A003BCDF1 = {
						CreatedOnToolsVersion = 16.2;
					};
					6BA7AC112DC2839C003BCDF1 = {
						CreatedOnToolsVersion = 16.2;
						TestTargetID = 6BA7ABFB2DC2839A003BCDF1;
					};
					6BA7AC1B2DC2839C003BCDF1 = {
						CreatedOnToolsVersion = 16.2;
						TestTargetID = 6BA7ABFB2DC2839A003BCDF1;
					};
				};
			};
			buildConfigurationList = 6BA7ABF72DC2839A003BCDF1 /* Build configuration list for PBXProject "ListOfCountries" */;
			developmentRegion = en;
			hasScannedForEncodings = 0;
			knownRegions = (
				en,
				Base,
			);
			mainGroup = 6BA7ABF32DC2839A003BCDF1;
			minimizedProjectReferenceProxies = 1;
			preferredProjectObjectVersion = 77;
			productRefGroup = 6BA7ABFD2DC2839A003BCDF1 /* Products */;
			projectDirPath = "";
			projectRoot = "";
			targets = (
				6BA7ABFB2DC2839A003BCDF1 /* ListOfCountries */,
				6BA7AC112DC2839C003BCDF1 /* ListOfCountriesTests */,
				6BA7AC1B2DC2839C003BCDF1 /* ListOfCountriesUITests */,
			);
		};
/* End PBXProject section */

/* Begin PBXResourcesBuildPhase section */
		6BA7ABFA2DC2839A003BCDF1 /* Resources */ = {
			isa = PBXResourcesBuildPhase;
			buildActionMask = 2147483647;
			files = (
			);
			runOnlyForDeploymentPostprocessing = 0;
		};
		6BA7AC102DC2839C003BCDF1 /* Resources */ = {
			isa = PBXResourcesBuildPhase;
			buildActionMask = 2147483647;
			files = (
			);
			runOnlyForDeploymentPostprocessing = 0;
		};
		6BA7AC1A2DC2839C003BCDF1 /* Resources */ = {
			isa = PBXResourcesBuildPhase;
			buildActionMask = 2147483647;
			files = (
			);
			runOnlyForDeploymentPostprocessing = 0;
		};
/* End PBXResourcesBuildPhase section */

/* Begin PBXSourcesBuildPhase section */
		6BA7ABF82DC2839A003BCDF1 /* Sources */ = {
			isa = PBXSourcesBuildPhase;
			buildActionMask = 2147483647;
			files = (
			);
			runOnlyForDeploymentPostprocessing = 0;
		};
		6BA7AC0E2DC2839C003BCDF1 /* Sources */ = {
			isa = PBXSourcesBuildPhase;
			buildActionMask = 2147483647;
			files = (
			);
			runOnlyForDeploymentPostprocessing = 0;
		};
		6BA7AC182DC2839C003BCDF1 /* Sources */ = {
			isa = PBXSourcesBuildPhase;
			buildActionMask = 2147483647;
			files = (
			);
			runOnlyForDeploymentPostprocessing = 0;
		};
/* End PBXSourcesBuildPhase section */

/* Begin PBXTargetDependency section */
		6BA7AC142DC2839C003BCDF1 /* PBXTargetDependency */ = {
			isa = PBXTargetDependency;
			target = 6BA7ABFB2DC2839A003BCDF1 /* ListOfCountries */;
			targetProxy = 6BA7AC132DC2839C003BCDF1 /* PBXContainerItemProxy */;
		};
		6BA7AC1E2DC2839C003BCDF1 /* PBXTargetDependency */ = {
			isa = PBXTargetDependency;
			target = 6BA7ABFB2DC2839A003BCDF1 /* ListOfCountries */;
			targetProxy = 6BA7AC1D2DC2839C003BCDF1 /* PBXContainerItemProxy */;
		};
/* End PBXTargetDependency section */

/* Begin XCBuildConfiguration section */
		6BA7AC262DC2839C003BCDF1 /* Debug */ = {
			isa = XCBuildConfiguration;
			buildSettings = {
				ASSETCATALOG_COMPILER_APPICON_NAME = AppIcon;
				ASSETCATALOG_COMPILER_GLOBAL_ACCENT_COLOR_NAME = AccentColor;
				CODE_SIGN_STYLE = Automatic;
				CURRENT_PROJECT_VERSION = 1;
				DEVELOPMENT_TEAM = HJ2V8J8QYA;
				GENERATE_INFOPLIST_FILE = YES;
				INFOPLIST_FILE = ListOfCountries/Info.plist;
				INFOPLIST_KEY_UIApplicationSupportsIndirectInputEvents = YES;
				INFOPLIST_KEY_UILaunchStoryboardName = "";
				INFOPLIST_KEY_UIMainStoryboardFile = "";
				INFOPLIST_KEY_UISupportedInterfaceOrientations_iPad = "UIInterfaceOrientationPortrait UIInterfaceOrientationPortraitUpsideDown UIInterfaceOrientationLandscapeLeft UIInterfaceOrientationLandscapeRight";
				INFOPLIST_KEY_UISupportedInterfaceOrientations_iPhone = "UIInterfaceOrientationPortrait UIInterfaceOrientationLandscapeLeft UIInterfaceOrientationLandscapeRight";
				LD_RUNPATH_SEARCH_PATHS = (
					"$(inherited)",
					"@executable_path/Frameworks",
				);
				MARKETING_VERSION = 1.0;
				PRODUCT_BUNDLE_IDENTIFIER = com.codingwithayush.ListOfCountries;
				PRODUCT_NAME = "$(TARGET_NAME)";
				SWIFT_EMIT_LOC_STRINGS = YES;
				SWIFT_VERSION = 5.0;
				TARGETED_DEVICE_FAMILY = "1,2";
			};
			name = Debug;
		};
		6BA7AC272DC2839C003BCDF1 /* Release */ = {
			isa = XCBuildConfiguration;
			buildSettings = {
				ASSETCATALOG_COMPILER_APPICON_NAME = AppIcon;
				ASSETCATALOG_COMPILER_GLOBAL_ACCENT_COLOR_NAME = AccentColor;
				CODE_SIGN_STYLE = Automatic;
				CURRENT_PROJECT_VERSION = 1;
				DEVELOPMENT_TEAM = HJ2V8J8QYA;
				GENERATE_INFOPLIST_FILE = YES;
				INFOPLIST_FILE = ListOfCountries/Info.plist;
				INFOPLIST_KEY_UIApplicationSupportsIndirectInputEvents = YES;
				INFOPLIST_KEY_UILaunchStoryboardName = "";
				INFOPLIST_KEY_UIMainStoryboardFile = "";
				INFOPLIST_KEY_UISupportedInterfaceOrientations_iPad = "UIInterfaceOrientationPortrait UIInterfaceOrientationPortraitUpsideDown UIInterfaceOrientationLandscapeLeft UIInterfaceOrientationLandscapeRight";
				INFOPLIST_KEY_UISupportedInterfaceOrientations_iPhone = "UIInterfaceOrientationPortrait UIInterfaceOrientationLandscapeLeft UIInterfaceOrientationLandscapeRight";
				LD_RUNPATH_SEARCH_PATHS = (
					"$(inherited)",
					"@executable_path/Frameworks",
				);
				MARKETING_VERSION = 1.0;
				PRODUCT_BUNDLE_IDENTIFIER = com.codingwithayush.ListOfCountries;
				PRODUCT_NAME = "$(TARGET_NAME)";
				SWIFT_EMIT_LOC_STRINGS = YES;
				SWIFT_VERSION = 5.0;
				TARGETED_DEVICE_FAMILY = "1,2";
			};
			name = Release;
		};
		6BA7AC282DC2839C003BCDF1 /* Debug */ = {
			isa = XCBuildConfiguration;
			buildSettings = {
				ALWAYS_SEARCH_USER_PATHS = NO;
				ASSETCATALOG_COMPILER_GENERATE_SWIFT_ASSET_SYMBOL_EXTENSIONS = YES;
				CLANG_ANALYZER_NONNULL = YES;
				CLANG_ANALYZER_NUMBER_OBJECT_CONVERSION = YES_AGGRESSIVE;
				CLANG_CXX_LANGUAGE_STANDARD = "gnu++20";
				CLANG_ENABLE_MODULES = YES;
				CLANG_ENABLE_OBJC_ARC = YES;
				CLANG_ENABLE_OBJC_WEAK = YES;
				CLANG_WARN_BLOCK_CAPTURE_AUTORELEASING = YES;
				CLANG_WARN_BOOL_CONVERSION = YES;
				CLANG_WARN_COMMA = YES;
				CLANG_WARN_CONSTANT_CONVERSION = YES;
				CLANG_WARN_DEPRECATED_OBJC_IMPLEMENTATIONS = YES;
				CLANG_WARN_DIRECT_OBJC_ISA_USAGE = YES_ERROR;
				CLANG_WARN_DOCUMENTATION_COMMENTS = YES;
				CLANG_WARN_EMPTY_BODY = YES;
				CLANG_WARN_ENUM_CONVERSION = YES;
				CLANG_WARN_INFINITE_RECURSION = YES;
				CLANG_WARN_INT_CONVERSION = YES;
				CLANG_WARN_NON_LITERAL_NULL_CONVERSION = YES;
				CLANG_WARN_OBJC_IMPLICIT_RETAIN_SELF = YES;
				CLANG_WARN_OBJC_LITERAL_CONVERSION = YES;
				CLANG_WARN_OBJC_ROOT_CLASS = YES_ERROR;
				CLANG_WARN_QUOTED_INCLUDE_IN_FRAMEWORK_HEADER = YES;
				CLANG_WARN_RANGE_LOOP_ANALYSIS = YES;
				CLANG_WARN_STRICT_PROTOTYPES = YES;
				CLANG_WARN_SUSPICIOUS_MOVE = YES;
				CLANG_WARN_UNGUARDED_AVAILABILITY = YES_AGGRESSIVE;
				CLANG_WARN_UNREACHABLE_CODE = YES;
				CLANG_WARN__DUPLICATE_METHOD_MATCH = YES;
				COPY_PHASE_STRIP = NO;
				DEBUG_INFORMATION_FORMAT = dwarf;
				ENABLE_STRICT_OBJC_MSGSEND = YES;
				ENABLE_TESTABILITY = YES;
				ENABLE_USER_SCRIPT_SANDBOXING = YES;
				GCC_C_LANGUAGE_STANDARD = gnu17;
				GCC_DYNAMIC_NO_PIC = NO;
				GCC_NO_COMMON_BLOCKS = YES;
				GCC_OPTIMIZATION_LEVEL = 0;
				GCC_PREPROCESSOR_DEFINITIONS = (
					"DEBUG=1",
					"$(inherited)",
				);
				GCC_WARN_64_TO_32_BIT_CONVERSION = YES;
				GCC_WARN_ABOUT_RETURN_TYPE = YES_ERROR;
				GCC_WARN_UNDECLARED_SELECTOR = YES;
				GCC_WARN_UNINITIALIZED_AUTOS = YES_AGGRESSIVE;
				GCC_WARN_UNUSED_FUNCTION = YES;
				GCC_WARN_UNUSED_VARIABLE = YES;
				IPHONEOS_DEPLOYMENT_TARGET = 18.2;
				LOCALIZATION_PREFERS_STRING_CATALOGS = YES;
				MTL_ENABLE_DEBUG_INFO = INCLUDE_SOURCE;
				MTL_FAST_MATH = YES;
				ONLY_ACTIVE_ARCH = YES;
				SDKROOT = iphoneos;
				SWIFT_ACTIVE_COMPILATION_CONDITIONS = "DEBUG $(inherited)";
				SWIFT_OPTIMIZATION_LEVEL = "-Onone";
			};
			name = Debug;
		};
		6BA7AC292DC2839C003BCDF1 /* Release */ = {
			isa = XCBuildConfiguration;
			buildSettings = {
				ALWAYS_SEARCH_USER_PATHS = NO;
				ASSETCATALOG_COMPILER_GENERATE_SWIFT_ASSET_SYMBOL_EXTENSIONS = YES;
				CLANG_ANALYZER_NONNULL = YES;
				CLANG_ANALYZER_NUMBER_OBJECT_CONVERSION = YES_AGGRESSIVE;
				CLANG_CXX_LANGUAGE_STANDARD = "gnu++20";
				CLANG_ENABLE_MODULES = YES;
				CLANG_ENABLE_OBJC_ARC = YES;
				CLANG_ENABLE_OBJC_WEAK = YES;
				CLANG_WARN_BLOCK_CAPTURE_AUTORELEASING = YES;
				CLANG_WARN_BOOL_CONVERSION = YES;
				CLANG_WARN_COMMA = YES;
				CLANG_WARN_CONSTANT_CONVERSION = YES;
				CLANG_WARN_DEPRECATED_OBJC_IMPLEMENTATIONS = YES;
				CLANG_WARN_DIRECT_OBJC_ISA_USAGE = YES_ERROR;
				CLANG_WARN_DOCUMENTATION_COMMENTS = YES;
				CLANG_WARN_EMPTY_BODY = YES;
				CLANG_WARN_ENUM_CONVERSION = YES;
				CLANG_WARN_INFINITE_RECURSION = YES;
				CLANG_WARN_INT_CONVERSION = YES;
				CLANG_WARN_NON_LITERAL_NULL_CONVERSION = YES;
				CLANG_WARN_OBJC_IMPLICIT_RETAIN_SELF = YES;
				CLANG_WARN_OBJC_LITERAL_CONVERSION = YES;
				CLANG_WARN_OBJC_ROOT_CLASS = YES_ERROR;
				CLANG_WARN_QUOTED_INCLUDE_IN_FRAMEWORK_HEADER = YES;
				CLANG_WARN_RANGE_LOOP_ANALYSIS = YES;
				CLANG_WARN_STRICT_PROTOTYPES = YES;
				CLANG_WARN_SUSPICIOUS_MOVE = YES;
				CLANG_WARN_UNGUARDED_AVAILABILITY = YES_AGGRESSIVE;
				CLANG_WARN_UNREACHABLE_CODE = YES;
				CLANG_WARN__DUPLICATE_METHOD_MATCH = YES;
				COPY_PHASE_STRIP = NO;
				DEBUG_INFORMATION_FORMAT = "dwarf-with-dsym";
				ENABLE_NS_ASSERTIONS = NO;
				ENABLE_STRICT_OBJC_MSGSEND = YES;
				ENABLE_USER_SCRIPT_SANDBOXING = YES;
				GCC_C_LANGUAGE_STANDARD = gnu17;
				GCC_NO_COMMON_BLOCKS = YES;
				GCC_WARN_64_TO_32_BIT_CONVERSION = YES;
				GCC_WARN_ABOUT_RETURN_TYPE = YES_ERROR;
				GCC_WARN_UNDECLARED_SELECTOR = YES;
				GCC_WARN_UNINITIALIZED_AUTOS = YES_AGGRESSIVE;
				GCC_WARN_UNUSED_FUNCTION = YES;
				GCC_WARN_UNUSED_VARIABLE = YES;
				IPHONEOS_DEPLOYMENT_TARGET = 18.2;
				LOCALIZATION_PREFERS_STRING_CATALOGS = YES;
				MTL_ENABLE_DEBUG_INFO = NO;
				MTL_FAST_MATH = YES;
				SDKROOT = iphoneos;
				SWIFT_COMPILATION_MODE = wholemodule;
				VALIDATE_PRODUCT = YES;
			};
			name = Release;
		};
		6BA7AC2B2DC2839C003BCDF1 /* Debug */ = {
			isa = XCBuildConfiguration;
			buildSettings = {
				BUNDLE_LOADER = "$(TEST_HOST)";
				CODE_SIGN_STYLE = Automatic;
				CURRENT_PROJECT_VERSION = 1;
				DEVELOPMENT_TEAM = HJ2V8J8QYA;
				GENERATE_INFOPLIST_FILE = YES;
				IPHONEOS_DEPLOYMENT_TARGET = 18.2;
				MARKETING_VERSION = 1.0;
				PRODUCT_BUNDLE_IDENTIFIER = com.codingwithayush.ListOfCountriesTests;
				PRODUCT_NAME = "$(TARGET_NAME)";
				SWIFT_EMIT_LOC_STRINGS = NO;
				SWIFT_VERSION = 5.0;
				TARGETED_DEVICE_FAMILY = "1,2";
				TEST_HOST = "$(BUILT_PRODUCTS_DIR)/ListOfCountries.app/$(BUNDLE_EXECUTABLE_FOLDER_PATH)/ListOfCountries";
			};
			name = Debug;
		};
		6BA7AC2C2DC2839C003BCDF1 /* Release */ = {
			isa = XCBuildConfiguration;
			buildSettings = {
				BUNDLE_LOADER = "$(TEST_HOST)";
				CODE_SIGN_STYLE = Automatic;
				CURRENT_PROJECT_VERSION = 1;
				DEVELOPMENT_TEAM = HJ2V8J8QYA;
				GENERATE_INFOPLIST_FILE = YES;
				IPHONEOS_DEPLOYMENT_TARGET = 18.2;
				MARKETING_VERSION = 1.0;
				PRODUCT_BUNDLE_IDENTIFIER = com.codingwithayush.ListOfCountriesTests;
				PRODUCT_NAME = "$(TARGET_NAME)";
				SWIFT_EMIT_LOC_STRINGS = NO;
				SWIFT_VERSION = 5.0;
				TARGETED_DEVICE_FAMILY = "1,2";
				TEST_HOST = "$(BUILT_PRODUCTS_DIR)/ListOfCountries.app/$(BUNDLE_EXECUTABLE_FOLDER_PATH)/ListOfCountries";
			};
			name = Release;
		};
		6BA7AC2E2DC2839C003BCDF1 /* Debug */ = {
			isa = XCBuildConfiguration;
			buildSettings = {
				CODE_SIGN_STYLE = Automatic;
				CURRENT_PROJECT_VERSION = 1;
				DEVELOPMENT_TEAM = HJ2V8J8QYA;
				GENERATE_INFOPLIST_FILE = YES;
				MARKETING_VERSION = 1.0;
				PRODUCT_BUNDLE_IDENTIFIER = com.codingwithayush.ListOfCountriesUITests;
				PRODUCT_NAME = "$(TARGET_NAME)";
				SWIFT_EMIT_LOC_STRINGS = NO;
				SWIFT_VERSION = 5.0;
				TARGETED_DEVICE_FAMILY = "1,2";
				TEST_TARGET_NAME = ListOfCountries;
			};
			name = Debug;
		};
		6BA7AC2F2DC2839C003BCDF1 /* Release */ = {
			isa = XCBuildConfiguration;
			buildSettings = {
				CODE_SIGN_STYLE = Automatic;
				CURRENT_PROJECT_VERSION = 1;
				DEVELOPMENT_TEAM = HJ2V8J8QYA;
				GENERATE_INFOPLIST_FILE = YES;
				MARKETING_VERSION = 1.0;
				PRODUCT_BUNDLE_IDENTIFIER = com.codingwithayush.ListOfCountriesUITests;
				PRODUCT_NAME = "$(TARGET_NAME)";
				SWIFT_EMIT_LOC_STRINGS = NO;
				SWIFT_VERSION = 5.0;
				TARGETED_DEVICE_FAMILY = "1,2";
				TEST_TARGET_NAME = ListOfCountries;
			};
			name = Release;
		};
/* End XCBuildConfiguration section */

/* Begin XCConfigurationList section */
		6BA7ABF72DC2839A003BCDF1 /* Build configuration list for PBXProject "ListOfCountries" */ = {
			isa = XCConfigurationList;
			buildConfigurations = (
				6BA7AC282DC2839C003BCDF1 /* Debug */,
				6BA7AC292DC2839C003BCDF1 /* Release */,
			);
			defaultConfigurationIsVisible = 0;
			defaultConfigurationName = Release;
		};
		6BA7AC252DC2839C003BCDF1 /* Build configuration list for PBXNativeTarget "ListOfCountries" */ = {
			isa = XCConfigurationList;
			buildConfigurations = (
				6BA7AC262DC2839C003BCDF1 /* Debug */,
				6BA7AC272DC2839C003BCDF1 /* Release */,
			);
			defaultConfigurationIsVisible = 0;
			defaultConfigurationName = Release;
		};
		6BA7AC2A2DC2839C003BCDF1 /* Build configuration list for PBXNativeTarget "ListOfCountriesTests" */ = {
			isa = XCConfigurationList;
			buildConfigurations = (
				6BA7AC2B2DC2839C003BCDF1 /* Debug */,
				6BA7AC2C2DC2839C003BCDF1 /* Release */,
			);
			defaultConfigurationIsVisible = 0;
			defaultConfigurationName = Release;
		};
		6BA7AC2D2DC2839C003BCDF1 /* Build configuration list for PBXNativeTarget "ListOfCountriesUITests" */ = {
			isa = XCConfigurationList;
			buildConfigurations = (
				6BA7AC2E2DC2839C003BCDF1 /* Debug */,
				6BA7AC2F2DC2839C003BCDF1 /* Release */,
			);
			defaultConfigurationIsVisible = 0;
			defaultConfigurationName = Release;
		};
/* End XCConfigurationList section */
	};
	rootObject = 6BA7ABF42DC2839A003BCDF1 /* Project object */;
}
